
Microsoft Visual Studio Solution File, Format Version 12.00
# Visual Studio 15
VisualStudioVersion = 15.0.26124.0
MinimumVisualStudioVersion = 15.0.26124.0
Project("{FAE04EC0-301F-11D3-BF4B-00C04F79EFBC}") = "YourDailyReport", "Functions\YourDailyReport.csproj", "{7F695CDC-5FE2-4408-92BE-BEFD231D5882}"
EndProject
Project("{FAE04EC0-301F-11D3-BF4B-00C04F79EFBC}") = "Tests", "Tests\Tests.csproj", "{BFB0560E-3DDB-476E-B6E9-89631BE19973}"
EndProject
Global
	GlobalSection(SolutionConfigurationPlatforms) = preSolution
		Debug|Any CPU = Debug|Any CPU
		Debug|x64 = Debug|x64
		Debug|x86 = Debug|x86
		Release|Any CPU = Release|Any CPU
		Release|x64 = Release|x64
		Release|x86 = Release|x86
	EndGlobalSection
	GlobalSection(SolutionProperties) = preSolution
		HideSolutionNode = FALSE
	EndGlobalSection
	GlobalSection(ProjectConfigurationPlatforms) = postSolution
		{7F695CDC-5FE2-4408-92BE-BEFD231D5882}.Debug|Any CPU.ActiveCfg = Debug|Any CPU
		{7F695CDC-5FE2-4408-92BE-BEFD231D5882}.Debug|Any CPU.Build.0 = Debug|Any CPU
		{7F695CDC-5FE2-4408-92BE-BEFD231D5882}.Debug|x64.ActiveCfg = Debug|Any CPU
		{7F695CDC-5FE2-4408-92BE-BEFD231D5882}.Debug|x64.Build.0 = Debug|Any CPU
		{7F695CDC-5FE2-4408-92BE-BEFD231D5882}.Debug|x86.ActiveCfg = Debug|Any CPU
		{7F695CDC-5FE2-4408-92BE-BEFD231D5882}.Debug|x86.Build.0 = Debug|Any CPU
		{7F695CDC-5FE2-4408-92BE-BEFD231D5882}.Release|Any CPU.ActiveCfg = Release|Any CPU
		{7F695CDC-5FE2-4408-92BE-BEFD231D5882}.Release|Any CPU.Build.0 = Release|Any CPU
		{7F695CDC-5FE2-4408-92BE-BEFD231D5882}.Release|x64.ActiveCfg = Release|Any CPU
		{7F695CDC-5FE2-4408-92BE-BEFD231D5882}.Release|x64.Build.0 = Release|Any CPU
		{7F695CDC-5FE2-4408-92BE-BEFD231D5882}.Release|x86.ActiveCfg = Release|Any CPU
		{7F695CDC-5FE2-4408-92BE-BEFD231D5882}.Release|x86.Build.0 = Release|Any CPU
		{BFB0560E-3DDB-476E-B6E9-89631BE19973}.Debug|Any CPU.ActiveCfg = Debug|Any CPU
		{BFB0560E-3DDB-476E-B6E9-89631BE19973}.Debug|Any CPU.Build.0 = Debug|Any CPU
		{BFB0560E-3DDB-476E-B6E9-89631BE19973}.Debug|x64.ActiveCfg = Debug|Any CPU
		{BFB0560E-3DDB-476E-B6E9-89631BE19973}.Debug|x64.Build.0 = Debug|Any CPU
		{BFB0560E-3DDB-476E-B6E9-89631BE19973}.Debug|x86.ActiveCfg = Debug|Any CPU
		{BFB0560E-3DDB-476E-B6E9-89631BE19973}.Debug|x86.Build.0 = Debug|Any CPU
		{BFB0560E-3DDB-476E-B6E9-89631BE19973}.Release|Any CPU.ActiveCfg = Release|Any CPU
		{BFB0560E-3DDB-476E-B6E9-89631BE19973}.Release|Any CPU.Build.0 = Release|Any CPU
		{BFB0560E-3DDB-476E-B6E9-89631BE19973}.Release|x64.ActiveCfg = Release|Any CPU
		{BFB0560E-3DDB-476E-B6E9-89631BE19973}.Release|x64.Build.0 = Release|Any CPU
		{BFB0560E-3DDB-476E-B6E9-89631BE19973}.Release|x86.ActiveCfg = Release|Any CPU
		{BFB0560E-3DDB-476E-B6E9-89631BE19973}.Release|x86.Build.0 = Release|Any CPU
	EndGlobalSection
EndGlobal
